
Microsoft Visual Studio Solution File, Format Version 12.00
# Visual Studio Version 17
VisualStudioVersion = 17.0.31903.59
MinimumVisualStudioVersion = 10.0.40219.1
Project("{2150E333-8FDC-42A3-9474-1A3956D46DE8}") = "src", "src", "{47C6F70F-1ED5-462C-A734-1FC2C0E2B8E3}"
EndProject
Project("{9A19103F-16F7-4668-BE54-9A1E7A4F7556}") = "InmetaCase.Domain", "src\InmetaCase.Domain\InmetaCase.Domain.csproj", "{4446DF2A-58C1-41D3-AEF7-E6B10F5EFE51}"
EndProject
Project("{9A19103F-16F7-4668-BE54-9A1E7A4F7556}") = "InmetaCase.Specification", "src\InmetaCase.Specification\InmetaCase.Specification.csproj", "{7374078C-99AC-4F87-8EB8-197C0329D4BA}"
EndProject
Project("{9A19103F-16F7-4668-BE54-9A1E7A4F7556}") = "InmetaCase.Infrastructure.Database", "src\InmetaCase.Infrastructure.Database\InmetaCase.Infrastructure.Database.csproj", "{CB5381FE-3141-49FF-B0D1-F46D7ECAA4C5}"
EndProject
Project("{00D1A9C2-B5F0-4AF3-8072-F6C62B433612}") = "InmetaDatabase", "sql\InmetaDatabase\InmetaDatabase.sqlproj", "{800FDF49-7E6F-4EC0-81CC-9FF1F7AB7E29}"
EndProject
Project("{FAE04EC0-301F-11D3-BF4B-00C04F79EFBC}") = "InmetaCase.Crosscutting", "src\InmetaCase.Crosscutting\InmetaCase.Crosscutting.csproj", "{F1D3A63F-EEFF-4F89-BAB1-38114740A188}"
EndProject
Global
	GlobalSection(SolutionConfigurationPlatforms) = preSolution
		Debug|Any CPU = Debug|Any CPU
		Release|Any CPU = Release|Any CPU
	EndGlobalSection
	GlobalSection(ProjectConfigurationPlatforms) = postSolution
		{4446DF2A-58C1-41D3-AEF7-E6B10F5EFE51}.Debug|Any CPU.ActiveCfg = Debug|Any CPU
		{4446DF2A-58C1-41D3-AEF7-E6B10F5EFE51}.Debug|Any CPU.Build.0 = Debug|Any CPU
		{4446DF2A-58C1-41D3-AEF7-E6B10F5EFE51}.Release|Any CPU.ActiveCfg = Release|Any CPU
		{4446DF2A-58C1-41D3-AEF7-E6B10F5EFE51}.Release|Any CPU.Build.0 = Release|Any CPU
		{7374078C-99AC-4F87-8EB8-197C0329D4BA}.Debug|Any CPU.ActiveCfg = Debug|Any CPU
		{7374078C-99AC-4F87-8EB8-197C0329D4BA}.Debug|Any CPU.Build.0 = Debug|Any CPU
		{7374078C-99AC-4F87-8EB8-197C0329D4BA}.Release|Any CPU.ActiveCfg = Release|Any CPU
		{7374078C-99AC-4F87-8EB8-197C0329D4BA}.Release|Any CPU.Build.0 = Release|Any CPU
		{CB5381FE-3141-49FF-B0D1-F46D7ECAA4C5}.Debug|Any CPU.ActiveCfg = Debug|Any CPU
		{CB5381FE-3141-49FF-B0D1-F46D7ECAA4C5}.Debug|Any CPU.Build.0 = Debug|Any CPU
		{CB5381FE-3141-49FF-B0D1-F46D7ECAA4C5}.Release|Any CPU.ActiveCfg = Release|Any CPU
		{CB5381FE-3141-49FF-B0D1-F46D7ECAA4C5}.Release|Any CPU.Build.0 = Release|Any CPU
		{800FDF49-7E6F-4EC0-81CC-9FF1F7AB7E29}.Debug|Any CPU.ActiveCfg = Debug|Any CPU
		{800FDF49-7E6F-4EC0-81CC-9FF1F7AB7E29}.Debug|Any CPU.Build.0 = Debug|Any CPU
		{800FDF49-7E6F-4EC0-81CC-9FF1F7AB7E29}.Debug|Any CPU.Deploy.0 = Debug|Any CPU
		{800FDF49-7E6F-4EC0-81CC-9FF1F7AB7E29}.Release|Any CPU.ActiveCfg = Release|Any CPU
		{800FDF49-7E6F-4EC0-81CC-9FF1F7AB7E29}.Release|Any CPU.Build.0 = Release|Any CPU
		{800FDF49-7E6F-4EC0-81CC-9FF1F7AB7E29}.Release|Any CPU.Deploy.0 = Release|Any CPU
		{F1D3A63F-EEFF-4F89-BAB1-38114740A188}.Debug|Any CPU.ActiveCfg = Debug|Any CPU
		{F1D3A63F-EEFF-4F89-BAB1-38114740A188}.Debug|Any CPU.Build.0 = Debug|Any CPU
		{F1D3A63F-EEFF-4F89-BAB1-38114740A188}.Release|Any CPU.ActiveCfg = Release|Any CPU
		{F1D3A63F-EEFF-4F89-BAB1-38114740A188}.Release|Any CPU.Build.0 = Release|Any CPU
	EndGlobalSection
	GlobalSection(SolutionProperties) = preSolution
		HideSolutionNode = FALSE
	EndGlobalSection
	GlobalSection(NestedProjects) = preSolution
		{4446DF2A-58C1-41D3-AEF7-E6B10F5EFE51} = {47C6F70F-1ED5-462C-A734-1FC2C0E2B8E3}
		{7374078C-99AC-4F87-8EB8-197C0329D4BA} = {47C6F70F-1ED5-462C-A734-1FC2C0E2B8E3}
		{CB5381FE-3141-49FF-B0D1-F46D7ECAA4C5} = {47C6F70F-1ED5-462C-A734-1FC2C0E2B8E3}
		{F1D3A63F-EEFF-4F89-BAB1-38114740A188} = {47C6F70F-1ED5-462C-A734-1FC2C0E2B8E3}
	EndGlobalSection
	GlobalSection(ExtensibilityGlobals) = postSolution
		SolutionGuid = {EFD6FFDC-43CD-414B-BEF1-0102CB5D40E4}
	EndGlobalSection
EndGlobal
